version = 1
revision = 2
requires-python = ">=3.12"
resolution-markers = [
    "implementation_name == 'cpython' and platform_machine == 'AMD64' and sys_platform == 'win32'",
    "implementation_name == 'cpython' and platform_machine == 'x86_64' and sys_platform == 'linux'",
]
supported-markers = [
    "implementation_name == 'cpython' and platform_machine == 'AMD64' and sys_platform == 'win32'",
    "implementation_name == 'cpython' and platform_machine == 'x86_64' and sys_platform == 'linux'",
]

[[package]]
name = "bleach"
version = "6.0.0"
source = { registry = "https://pypi.org/simple" }
dependencies = [
    { name = "six", marker = "(implementation_name == 'cpython' and platform_machine == 'x86_64' and sys_platform == 'linux') or (implementation_name == 'cpython' and platform_machine == 'AMD64' and sys_platform == 'win32')" },
    { name = "webencodings", marker = "(implementation_name == 'cpython' and platform_machine == 'x86_64' and sys_platform == 'linux') or (implementation_name == 'cpython' and platform_machine == 'AMD64' and sys_platform == 'win32')" },
]
sdist = { url = "https://files.pythonhosted.org/packages/7e/e6/d5f220ca638f6a25557a611860482cb6e54b2d97f0332966b1b005742e1f/bleach-6.0.0.tar.gz", hash = "sha256:1a1a85c1595e07d8db14c5f09f09e6433502c51c595970edc090551f0db99414", size = 201298, upload-time = "2023-01-23T16:40:18.494Z" }
wheels = [
    { url = "https://files.pythonhosted.org/packages/ac/e2/dfcab68c9b2e7800c8f06b85c76e5f978d05b195a958daa9b1dda54a1db6/bleach-6.0.0-py3-none-any.whl", hash = "sha256:33c16e3353dbd13028ab4799a0f89a83f113405c766e9c122df8a06f5b85b3f4", size = 162493, upload-time = "2023-01-23T16:40:15.874Z" },
]

[package.optional-dependencies]
css = [
    { name = "tinycss2", marker = "(implementation_name == 'cpython' and platform_machine == 'x86_64' and sys_platform == 'linux') or (implementation_name == 'cpython' and platform_machine == 'AMD64' and sys_platform == 'win32')" },
]

[[package]]
name = "blinker"
version = "1.9.0"
source = { registry = "https://pypi.org/simple" }
sdist = { url = "https://files.pythonhosted.org/packages/21/28/9b3f50ce0e048515135495f198351908d99540d69bfdc8c1d15b73dc55ce/blinker-1.9.0.tar.gz", hash = "sha256:b4ce2265a7abece45e7cc896e98dbebe6cead56bcf805a3d23136d145f5445bf", size = 22460, upload-time = "2024-11-08T17:25:47.436Z" }
wheels = [
    { url = "https://files.pythonhosted.org/packages/10/cb/f2ad4230dc2eb1a74edf38f1a38b9b52277f75bef262d8908e60d957e13c/blinker-1.9.0-py3-none-any.whl", hash = "sha256:ba0efaa9080b619ff2f3459d1d500c57bddea4a6b424b60a91141db6fd2f08bc", size = 8458, upload-time = "2024-11-08T17:25:46.184Z" },
]

[[package]]
name = "cabarchive"
version = "0.2.4"
source = { registry = "https://pypi.org/simple" }
sdist = { url = "https://files.pythonhosted.org/packages/28/d3/a544aed878edc269ce4427bc937310b73624e1d595de7f4e5bcab413a639/cabarchive-0.2.4.tar.gz", hash = "sha256:04f60089473114cf26eab2b7e1d09611c5bfaf8edd3202dacef66bb5c71e48cf", size = 21064, upload-time = "2022-02-23T09:28:10.911Z" }
wheels = [
    { url = "https://files.pythonhosted.org/packages/0f/fb/713421f46c68f4bf9cd26f05bda0c233446108997b6b4d83d7ef07f20009/cabarchive-0.2.4-py3-none-any.whl", hash = "sha256:4afabd224eb2e40af8e907379fb8eec6b0adfb71c2aef4457ec3a4d77383c059", size = 25729, upload-time = "2022-02-23T09:28:09.571Z" },
]

[[package]]
name = "click"
version = "8.2.1"
source = { registry = "https://pypi.org/simple" }
dependencies = [
    { name = "colorama", marker = "implementation_name == 'cpython' and platform_machine == 'AMD64' and sys_platform == 'win32'" },
]
sdist = { url = "https://files.pythonhosted.org/packages/60/6c/8ca2efa64cf75a977a0d7fac081354553ebe483345c734fb6b6515d96bbc/click-8.2.1.tar.gz", hash = "sha256:27c491cc05d968d271d5a1db13e3b5a184636d9d930f148c50b038f0d0646202", size = 286342, upload-time = "2025-05-20T23:19:49.832Z" }
wheels = [
    { url = "https://files.pythonhosted.org/packages/85/32/10bb5764d90a8eee674e9dc6f4db6a0ab47c8c4d0d83c27f7c39ac415a4d/click-8.2.1-py3-none-any.whl", hash = "sha256:61a3265b914e850b85317d0b3109c7f8cd35a670f963866005d6ef1d5175a12b", size = 102215, upload-time = "2025-05-20T23:19:47.796Z" },
]

[[package]]
name = "colorama"
version = "0.4.6"
source = { registry = "https://pypi.org/simple" }
sdist = { url = "https://files.pythonhosted.org/packages/d8/53/6f443c9a4a8358a93a6792e2acffb9d9d5cb0a5cfd8802644b7b1c9a02e4/colorama-0.4.6.tar.gz", hash = "sha256:08695f5cb7ed6e0531a20572697297273c47b8cae5a63ffc6d6ed5c201be6e44", size = 27697, upload-time = "2022-10-25T02:36:22.414Z" }
wheels = [
    { url = "https://files.pythonhosted.org/packages/d1/d6/3965ed04c63042e047cb6a3e6ed1a63a35087b6a609aa3a15ed8ac56c221/colorama-0.4.6-py2.py3-none-any.whl", hash = "sha256:4f1d9991f5acc0ca119f9d443620b77f9d6b33703e51011c16baf57afb285fc6", size = 25335, upload-time = "2022-10-25T02:36:20.889Z" },
]

[[package]]
name = "coverage"
version = "7.8.2"
source = { registry = "https://pypi.org/simple" }
sdist = { url = "https://files.pythonhosted.org/packages/ba/07/998afa4a0ecdf9b1981ae05415dad2d4e7716e1b1f00abbd91691ac09ac9/coverage-7.8.2.tar.gz", hash = "sha256:a886d531373a1f6ff9fad2a2ba4a045b68467b779ae729ee0b3b10ac20033b27", size = 812759, upload-time = "2025-05-23T11:39:57.856Z" }
wheels = [
    { url = "https://files.pythonhosted.org/packages/38/6c/d0e9c0cce18faef79a52778219a3c6ee8e336437da8eddd4ab3dbd8fadff/coverage-7.8.2-cp312-cp312-manylinux_2_5_x86_64.manylinux1_x86_64.manylinux_2_17_x86_64.manylinux2014_x86_64.whl", hash = "sha256:c9392773cffeb8d7e042a7b15b82a414011e9d2b5fdbbd3f7e6a6b17d5e21b20", size = 245328, upload-time = "2025-05-23T11:38:35.568Z" },
    { url = "https://files.pythonhosted.org/packages/39/9f/1afbb2cb9c8699b8bc38afdce00a3b4644904e6a38c7bf9005386c9305ec/coverage-7.8.2-cp312-cp312-musllinux_1_2_x86_64.whl", hash = "sha256:9a990f6510b3292686713bfef26d0049cd63b9c7bb17e0864f133cbfd2e6167f", size = 244489, upload-time = "2025-05-23T11:38:40.845Z" },
    { url = "https://files.pythonhosted.org/packages/54/aa/9cbeade19b7e8e853e7ffc261df885d66bf3a782c71cba06c17df271f9e6/coverage-7.8.2-cp312-cp312-win_amd64.whl", hash = "sha256:86a323a275e9e44cdf228af9b71c5030861d4d2610886ab920d9945672a81223", size = 215165, upload-time = "2025-05-23T11:38:45.148Z" },
    { url = "https://files.pythonhosted.org/packages/89/60/f5f50f61b6332451520e6cdc2401700c48310c64bc2dd34027a47d6ab4ca/coverage-7.8.2-cp313-cp313-manylinux_2_5_x86_64.manylinux1_x86_64.manylinux_2_17_x86_64.manylinux2014_x86_64.whl", hash = "sha256:dc67994df9bcd7e0150a47ef41278b9e0a0ea187caba72414b71dc590b99a108", size = 244634, upload-time = "2025-05-23T11:38:57.326Z" },
    { url = "https://files.pythonhosted.org/packages/a4/71/e041f1b9420f7b786b1367fa2a375703889ef376e0d48de9f5723fb35f11/coverage-7.8.2-cp313-cp313-musllinux_1_2_x86_64.whl", hash = "sha256:8165584ddedb49204c4e18da083913bdf6a982bfb558632a79bdaadcdafd0d48", size = 244179, upload-time = "2025-05-23T11:39:02.709Z" },
    { url = "https://files.pythonhosted.org/packages/c6/dc/947e75d47ebbb4b02d8babb1fad4ad381410d5bc9da7cfca80b7565ef401/coverage-7.8.2-cp313-cp313-win_amd64.whl", hash = "sha256:2f9bc608fbafaee40eb60a9a53dbfb90f53cc66d3d32c2849dc27cf5638a21e3", size = 215194, upload-time = "2025-05-23T11:39:07.171Z" },
    { url = "https://files.pythonhosted.org/packages/18/a2/3699190e927b9439c6ded4998941a3c1d6fa99e14cb28d8536729537e307/coverage-7.8.2-cp313-cp313t-manylinux_2_5_x86_64.manylinux1_x86_64.manylinux_2_17_x86_64.manylinux2014_x86_64.whl", hash = "sha256:46d532db4e5ff3979ce47d18e2fe8ecad283eeb7367726da0e5ef88e4fe64740", size = 255096, upload-time = "2025-05-23T11:39:19.328Z" },
    { url = "https://files.pythonhosted.org/packages/ba/85/f9ecdb910ecdb282b121bfcaa32fa8ee8cbd7699f83330ee13ff9bbf1a85/coverage-7.8.2-cp313-cp313t-musllinux_1_2_x86_64.whl", hash = "sha256:94316e13f0981cbbba132c1f9f365cac1d26716aaac130866ca812006f662199", size = 255255, upload-time = "2025-05-23T11:39:24.644Z" },
    { url = "https://files.pythonhosted.org/packages/22/5e/7053b71462e970e869111c1853afd642212568a350eba796deefdfbd0770/coverage-7.8.2-cp313-cp313t-win_amd64.whl", hash = "sha256:2c08b05ee8d7861e45dc5a2cc4195c8c66dca5ac613144eb6ebeaff2d502e73d", size = 216268, upload-time = "2025-05-23T11:39:28.429Z" },
    { url = "https://files.pythonhosted.org/packages/a0/1a/0b9c32220ad694d66062f571cc5cedfa9997b64a591e8a500bb63de1bd40/coverage-7.8.2-py3-none-any.whl", hash = "sha256:726f32ee3713f7359696331a18daf0c3b3a70bb0ae71141b9d3c52be7c595e32", size = 203623, upload-time = "2025-05-23T11:39:53.846Z" },
]

[[package]]
name = "cx-freeze"
version = "8.3.0"
source = { registry = "https://pypi.org/simple" }
dependencies = [
    { name = "cabarchive", marker = "implementation_name == 'cpython' and platform_machine == 'AMD64' and sys_platform == 'win32'" },
    { name = "cx-logging", marker = "implementation_name == 'cpython' and platform_machine == 'AMD64' and sys_platform == 'win32'" },
    { name = "filelock", marker = "(implementation_name == 'cpython' and platform_machine == 'x86_64' and sys_platform == 'linux') or (implementation_name == 'cpython' and platform_machine == 'AMD64' and sys_platform == 'win32')" },
    { name = "lief", marker = "implementation_name == 'cpython' and platform_machine == 'AMD64' and sys_platform == 'win32'" },
    { name = "packaging", marker = "(implementation_name == 'cpython' and platform_machine == 'x86_64' and sys_platform == 'linux') or (implementation_name == 'cpython' and platform_machine == 'AMD64' and sys_platform == 'win32')" },
    { name = "patchelf", marker = "implementation_name == 'cpython' and platform_machine == 'x86_64' and sys_platform == 'linux'" },
    { name = "setuptools", marker = "(implementation_name == 'cpython' and platform_machine == 'x86_64' and sys_platform == 'linux') or (implementation_name == 'cpython' and platform_machine == 'AMD64' and sys_platform == 'win32')" },
    { name = "striprtf", marker = "implementation_name == 'cpython' and platform_machine == 'AMD64' and sys_platform == 'win32'" },
]
sdist = { url = "https://files.pythonhosted.org/packages/92/fa/835edcb0bbfffc09bea4a723c26779e3691513c6bfd41dc92498289218be/cx_freeze-8.3.0.tar.gz", hash = "sha256:491998d513f04841ec7967e2a3792db198597bde8a0c9333706b1f96060bdb35", size = 3180070, upload-time = "2025-05-12T00:18:41.067Z" }
wheels = [
    { url = "https://files.pythonhosted.org/packages/b5/0b/b4cf3e7dffd1a4fa6aa80b26af6b21d0b6dafff56495003639eebdc9a9ba/cx_freeze-8.3.0-cp312-cp312-manylinux_2_17_ppc64le.manylinux2014_ppc64le.whl", hash = "sha256:cdd7da34aeb55332d7ed9a5dd75a6a5b8a007a28458d79d0acad2611c5162e55", size = 15943470, upload-time = "2025-05-12T00:17:46.032Z" },
    { url = "https://files.pythonhosted.org/packages/e8/b5/21dfa6fd4580bed578e22f4be2f42d585d1e064f1b58fc2321477030414e/cx_freeze-8.3.0-cp312-cp312-manylinux_2_17_x86_64.manylinux2014_x86_64.whl", hash = "sha256:95d0460511a295f65f25e537cd1e716013868f5cab944a20fc77f5e9c3425ec6", size = 14576320, upload-time = "2025-05-12T00:17:49.082Z" },
    { url = "https://files.pythonhosted.org/packages/98/8c/4da11732f32ed51f2b734caa3fe87559734f68f508ce54b56196ae1c4410/cx_freeze-8.3.0-cp312-cp312-musllinux_1_2_x86_64.whl", hash = "sha256:56e52892393562a00792635bb8ab6d5720290b7b86ae21b6eb002a610fac5713", size = 15382203, upload-time = "2025-05-12T00:17:54.445Z" },
    { url = "https://files.pythonhosted.org/packages/bf/68/09458532149bcb26bbc078ed232c2f970476d6381045ce76de32ef6014c2/cx_freeze-8.3.0-cp312-cp312-win_amd64.whl", hash = "sha256:82887045c831e5c03f4a33f8baab826b785c6400493a077c482cc45c15fd531c", size = 2341781, upload-time = "2025-05-12T00:17:59.198Z" },
    { url = "https://files.pythonhosted.org/packages/da/da/a97fbb2ee9fb958aca527a9a018a98e8127f0b43c4fb09323d2cdbc4ec94/cx_freeze-8.3.0-cp313-cp313-manylinux_2_17_x86_64.manylinux2014_x86_64.whl", hash = "sha256:35ee2d0de99dea99156507a63722a5eefacbc492d2bf582978a6dbb3fecc972b", size = 12559468, upload-time = "2025-05-12T00:18:08.016Z" },
    { url = "https://files.pythonhosted.org/packages/b2/61/18c51dfb8bfcd36619c9314d36168c5254d0ce6d40f70fe1ace55edd1991/cx_freeze-8.3.0-cp313-cp313-win_amd64.whl", hash = "sha256:007fb9507b5265c0922aaea10173651a2138b3d75ee9a67156fea4c9fb2b2582", size = 2337819, upload-time = "2025-05-12T00:18:12.154Z" },
    { url = "https://files.pythonhosted.org/packages/82/a3/9d72b12ab11a89ef84e3c03d5290b3b58dd5c3427e6d6f5597c776e01ab8/cx_freeze-8.3.0-cp313-cp313t-manylinux_2_17_ppc64le.manylinux2014_ppc64le.whl", hash = "sha256:ca2eb036fffd7fc07e793989db4424557d9b00c7b82e33f575dbc40d72f52f7b", size = 13887006, upload-time = "2025-05-12T00:18:22.209Z" },
    { url = "https://files.pythonhosted.org/packages/10/ab/08a5aa1744a708de8ff4bc9c6edd6addc5effdb6c31a85ff425284e4563f/cx_freeze-8.3.0-cp313-cp313t-manylinux_2_17_x86_64.manylinux2014_x86_64.whl", hash = "sha256:a58582c34ccfc94e9e19acc784511396e95c324bb54c5454b7eafec5a205c677", size = 12738066, upload-time = "2025-05-12T00:18:25.027Z" },
    { url = "https://files.pythonhosted.org/packages/51/bb/0b6992fb528dca772f83ab5534ce00e43f978d7ac393bab5d3e2553fb7a9/cx_freeze-8.3.0-cp313-cp313t-musllinux_1_2_x86_64.whl", hash = "sha256:ae0cfb83bc82671c4701a36954c5e8c5cf9440777365b78e9ceba51522becd40", size = 13322215, upload-time = "2025-05-12T00:18:30.425Z" },
]

[[package]]
name = "cx-logging"
version = "3.2.1"
source = { registry = "https://pypi.org/simple" }
sdist = { url = "https://files.pythonhosted.org/packages/9d/69/50b0c38e26658072b0221f1ea243c47dd56a9f3f50e5754aa5a39189145c/cx_logging-3.2.1.tar.gz", hash = "sha256:812665ae5012680a6fe47095c3772bce638e47cf05b2c3483db3bdbe6b06da44", size = 26966, upload-time = "2024-10-13T03:13:10.561Z" }
wheels = [
    { url = "https://files.pythonhosted.org/packages/5c/52/b6bd4f4d51eb4f3523da182cdf5969a560e35f4ef178f34841ba6795addc/cx_Logging-3.2.1-cp312-cp312-win_amd64.whl", hash = "sha256:3452add0544db6ff29116b72a4c48761aaffa9b638728330433853c0c4ad2ea1", size = 26911, upload-time = "2024-10-13T03:13:29.521Z" },
    { url = "https://files.pythonhosted.org/packages/cb/23/dab5f561888951ec02843f087f34a59c791e8ac6423c25a412eb49300633/cx_Logging-3.2.1-cp313-cp313-win_amd64.whl", hash = "sha256:e14748b031522a95aa2db4adfc5f2be5f96f4d0fe687da591114f73a09e66926", size = 26916, upload-time = "2024-10-13T03:13:34.085Z" },
]

[[package]]
name = "ducktools-classbuilder"
version = "0.9.0"
source = { registry = "https://pypi.org/simple" }
sdist = { url = "https://files.pythonhosted.org/packages/9d/8e/a91b3d1f7a2e95f4246ec1798a1bd876006744f81a00d2b1703a9a8c5fc8/ducktools_classbuilder-0.9.0.tar.gz", hash = "sha256:8f03538f59547a90ab0d5c3a3d5faa617701f5ed0afb48c257ee3ca2312c9ded", size = 68303, upload-time = "2025-05-28T18:22:20.019Z" }
wheels = [
    { url = "https://files.pythonhosted.org/packages/a2/4e/f4c211690562c0cf1cdbf957c46ece7c459d6a0a654e8f59853fd5998aca/ducktools_classbuilder-0.9.0-py3-none-any.whl", hash = "sha256:f55004cb39e4845312cbe6f9fec8aa99d5a40f3dfba2cf951ffdcfa8c51cf638", size = 26482, upload-time = "2025-05-28T18:22:18.222Z" },
]

[[package]]
name = "filelock"
version = "3.18.0"
source = { registry = "https://pypi.org/simple" }
sdist = { url = "https://files.pythonhosted.org/packages/0a/10/c23352565a6544bdc5353e0b15fc1c563352101f30e24bf500207a54df9a/filelock-3.18.0.tar.gz", hash = "sha256:adbc88eabb99d2fec8c9c1b229b171f18afa655400173ddc653d5d01501fb9f2", size = 18075, upload-time = "2025-03-14T07:11:40.47Z" }
wheels = [
    { url = "https://files.pythonhosted.org/packages/4d/36/2a115987e2d8c300a974597416d9de88f2444426de9571f4b59b2cca3acc/filelock-3.18.0-py3-none-any.whl", hash = "sha256:c401f4f8377c4464e6db25fff06205fd89bdd83b65eb0488ed1b160f780e21de", size = 16215, upload-time = "2025-03-14T07:11:39.145Z" },
]

[[package]]
name = "flask"
version = "3.1.1"
source = { registry = "https://pypi.org/simple" }
dependencies = [
    { name = "blinker", marker = "(implementation_name == 'cpython' and platform_machine == 'x86_64' and sys_platform == 'linux') or (implementation_name == 'cpython' and platform_machine == 'AMD64' and sys_platform == 'win32')" },
    { name = "click", marker = "(implementation_name == 'cpython' and platform_machine == 'x86_64' and sys_platform == 'linux') or (implementation_name == 'cpython' and platform_machine == 'AMD64' and sys_platform == 'win32')" },
    { name = "itsdangerous", marker = "(implementation_name == 'cpython' and platform_machine == 'x86_64' and sys_platform == 'linux') or (implementation_name == 'cpython' and platform_machine == 'AMD64' and sys_platform == 'win32')" },
    { name = "jinja2", marker = "(implementation_name == 'cpython' and platform_machine == 'x86_64' and sys_platform == 'linux') or (implementation_name == 'cpython' and platform_machine == 'AMD64' and sys_platform == 'win32')" },
    { name = "markupsafe", marker = "(implementation_name == 'cpython' and platform_machine == 'x86_64' and sys_platform == 'linux') or (implementation_name == 'cpython' and platform_machine == 'AMD64' and sys_platform == 'win32')" },
    { name = "werkzeug", marker = "(implementation_name == 'cpython' and platform_machine == 'x86_64' and sys_platform == 'linux') or (implementation_name == 'cpython' and platform_machine == 'AMD64' and sys_platform == 'win32')" },
]
sdist = { url = "https://files.pythonhosted.org/packages/c0/de/e47735752347f4128bcf354e0da07ef311a78244eba9e3dc1d4a5ab21a98/flask-3.1.1.tar.gz", hash = "sha256:284c7b8f2f58cb737f0cf1c30fd7eaf0ccfcde196099d24ecede3fc2005aa59e", size = 753440, upload-time = "2025-05-13T15:01:17.447Z" }
wheels = [
    { url = "https://files.pythonhosted.org/packages/3d/68/9d4508e893976286d2ead7f8f571314af6c2037af34853a30fd769c02e9d/flask-3.1.1-py3-none-any.whl", hash = "sha256:07aae2bb5eaf77993ef57e357491839f5fd9f4dc281593a81a9e4d79a24f295c", size = 103305, upload-time = "2025-05-13T15:01:15.591Z" },
]

[[package]]
name = "iniconfig"
version = "2.1.0"
source = { registry = "https://pypi.org/simple" }
sdist = { url = "https://files.pythonhosted.org/packages/f2/97/ebf4da567aa6827c909642694d71c9fcf53e5b504f2d96afea02718862f3/iniconfig-2.1.0.tar.gz", hash = "sha256:3abbd2e30b36733fee78f9c7f7308f2d0050e88f0087fd25c2645f63c773e1c7", size = 4793, upload-time = "2025-03-19T20:09:59.721Z" }
wheels = [
    { url = "https://files.pythonhosted.org/packages/2c/e1/e6716421ea10d38022b952c159d5161ca1193197fb744506875fbb87ea7b/iniconfig-2.1.0-py3-none-any.whl", hash = "sha256:9deba5723312380e77435581c6bf4935c94cbfab9b1ed33ef8d238ea168eb760", size = 6050, upload-time = "2025-03-19T20:10:01.071Z" },
]

[[package]]
name = "itsdangerous"
version = "2.2.0"
source = { registry = "https://pypi.org/simple" }
sdist = { url = "https://files.pythonhosted.org/packages/9c/cb/8ac0172223afbccb63986cc25049b154ecfb5e85932587206f42317be31d/itsdangerous-2.2.0.tar.gz", hash = "sha256:e0050c0b7da1eea53ffaf149c0cfbb5c6e2e2b69c4bef22c81fa6eb73e5f6173", size = 54410, upload-time = "2024-04-16T21:28:15.614Z" }
wheels = [
    { url = "https://files.pythonhosted.org/packages/04/96/92447566d16df59b2a776c0fb82dbc4d9e07cd95062562af01e408583fc4/itsdangerous-2.2.0-py3-none-any.whl", hash = "sha256:c6242fc49e35958c8b15141343aa660db5fc54d4f13a1db01a3f5891b98700ef", size = 16234, upload-time = "2024-04-16T21:28:14.499Z" },
]

[[package]]
name = "jinja2"
version = "3.1.6"
source = { registry = "https://pypi.org/simple" }
dependencies = [
    { name = "markupsafe", marker = "(implementation_name == 'cpython' and platform_machine == 'x86_64' and sys_platform == 'linux') or (implementation_name == 'cpython' and platform_machine == 'AMD64' and sys_platform == 'win32')" },
]
sdist = { url = "https://files.pythonhosted.org/packages/df/bf/f7da0350254c0ed7c72f3e33cef02e048281fec7ecec5f032d4aac52226b/jinja2-3.1.6.tar.gz", hash = "sha256:0137fb05990d35f1275a587e9aee6d56da821fc83491a0fb838183be43f66d6d", size = 245115, upload-time = "2025-03-05T20:05:02.478Z" }
wheels = [
    { url = "https://files.pythonhosted.org/packages/62/a1/3d680cbfd5f4b8f15abc1d571870c5fc3e594bb582bc3b64ea099db13e56/jinja2-3.1.6-py3-none-any.whl", hash = "sha256:85ece4451f492d0c13c5dd7c13a64681a86afae63a5f347908daf103ce6d2f67", size = 134899, upload-time = "2025-03-05T20:05:00.369Z" },
]

[[package]]
name = "keyboard"
version = "0.13.5"
source = { registry = "https://pypi.org/simple" }
sdist = { url = "https://files.pythonhosted.org/packages/79/75/c969f2258e908c39aadfc57d1cb78247dc49e6d36371bb3a48c194640c01/keyboard-0.13.5.zip", hash = "sha256:63ed83305955939ca5c9a73755e5cc43e8242263f5ad5fd3bb7e0b032f3d308b", size = 71798, upload-time = "2020-03-23T21:47:06.614Z" }
wheels = [
    { url = "https://files.pythonhosted.org/packages/55/88/287159903c5b3fc6d47b651c7ab65a54dcf9c9916de546188a7f62870d6d/keyboard-0.13.5-py3-none-any.whl", hash = "sha256:8e9c2422f1217e0bd84489b9ecd361027cc78415828f4fe4f88dd4acd587947b", size = 58098, upload-time = "2020-03-23T21:47:05.023Z" },
]

[[package]]
name = "lief"
version = "0.16.5"
source = { registry = "https://pypi.org/simple" }
wheels = [
    { url = "https://files.pythonhosted.org/packages/08/8b/0fdc6b420e24df7c8cc02be595c425e821f2d4eb1be98eb16a7cf4e87fd0/lief-0.16.5-cp312-cp312-win_amd64.whl", hash = "sha256:587225fd6e1ec424a1a776928beb67095894254c51148b78903844d62faa1a2d", size = 3178830, upload-time = "2025-04-19T16:51:55.254Z" },
    { url = "https://files.pythonhosted.org/packages/66/fc/6faf93a5b44f9e7df193e9fc95b93a7f34b2155b1b470ef61f2f25704a84/lief-0.16.5-cp313-cp313-win_amd64.whl", hash = "sha256:2f208359d10ade57ace7f7625e2f5e4ca214b4b67f9ade24ca07dafb08e37b0c", size = 3178645, upload-time = "2025-04-19T16:52:13.112Z" },
]

[[package]]
name = "markdown"
version = "3.8"
source = { registry = "https://pypi.org/simple" }
sdist = { url = "https://files.pythonhosted.org/packages/2f/15/222b423b0b88689c266d9eac4e61396fe2cc53464459d6a37618ac863b24/markdown-3.8.tar.gz", hash = "sha256:7df81e63f0df5c4b24b7d156eb81e4690595239b7d70937d0409f1b0de319c6f", size = 360906, upload-time = "2025-04-11T14:42:50.928Z" }
wheels = [
    { url = "https://files.pythonhosted.org/packages/51/3f/afe76f8e2246ffbc867440cbcf90525264df0e658f8a5ca1f872b3f6192a/markdown-3.8-py3-none-any.whl", hash = "sha256:794a929b79c5af141ef5ab0f2f642d0f7b1872981250230e72682346f7cc90dc", size = 106210, upload-time = "2025-04-11T14:42:49.178Z" },
]

[[package]]
name = "markupsafe"
version = "3.0.2"
source = { registry = "https://pypi.org/simple" }
sdist = { url = "https://files.pythonhosted.org/packages/b2/97/5d42485e71dfc078108a86d6de8fa46db44a1a9295e89c5d6d4a06e23a62/markupsafe-3.0.2.tar.gz", hash = "sha256:ee55d3edf80167e48ea11a923c7386f4669df67d7994554387f84e7d8b0a2bf0", size = 20537, upload-time = "2024-10-18T15:21:54.129Z" }
wheels = [
    { url = "https://files.pythonhosted.org/packages/f3/f0/89e7aadfb3749d0f52234a0c8c7867877876e0a20b60e2188e9850794c17/MarkupSafe-3.0.2-cp312-cp312-manylinux_2_17_x86_64.manylinux2014_x86_64.whl", hash = "sha256:e17c96c14e19278594aa4841ec148115f9c7615a47382ecb6b82bd8fea3ab0c8", size = 23118, upload-time = "2024-10-18T15:21:17.133Z" },
    { url = "https://files.pythonhosted.org/packages/a2/82/8be4c96ffee03c5b4a034e60a31294daf481e12c7c43ab8e34a1453ee48b/MarkupSafe-3.0.2-cp312-cp312-musllinux_1_2_x86_64.whl", hash = "sha256:ad10d3ded218f1039f11a75f8091880239651b52e9bb592ca27de44eed242a48", size = 23352, upload-time = "2024-10-18T15:21:20.971Z" },
    { url = "https://files.pythonhosted.org/packages/c1/80/a61f99dc3a936413c3ee4e1eecac96c0da5ed07ad56fd975f1a9da5bc630/MarkupSafe-3.0.2-cp312-cp312-win_amd64.whl", hash = "sha256:8e06879fc22a25ca47312fbe7c8264eb0b662f6db27cb2d3bbbc74b1df4b9b87", size = 15601, upload-time = "2024-10-18T15:21:23.499Z" },
    { url = "https://files.pythonhosted.org/packages/0c/91/96cf928db8236f1bfab6ce15ad070dfdd02ed88261c2afafd4b43575e9e9/MarkupSafe-3.0.2-cp313-cp313-manylinux_2_17_x86_64.manylinux2014_x86_64.whl", hash = "sha256:15ab75ef81add55874e7ab7055e9c397312385bd9ced94920f2802310c930396", size = 23085, upload-time = "2024-10-18T15:21:27.029Z" },
    { url = "https://files.pythonhosted.org/packages/ce/4f/9a02c1d335caabe5c4efb90e1b6e8ee944aa245c1aaaab8e8a618987d816/MarkupSafe-3.0.2-cp313-cp313-musllinux_1_2_x86_64.whl", hash = "sha256:444dcda765c8a838eaae23112db52f1efaf750daddb2d9ca300bcae1039adc5c", size = 23344, upload-time = "2024-10-18T15:21:30.366Z" },
    { url = "https://files.pythonhosted.org/packages/29/88/07df22d2dd4df40aba9f3e402e6dc1b8ee86297dddbad4872bd5e7b0094f/MarkupSafe-3.0.2-cp313-cp313-win_amd64.whl", hash = "sha256:e6a2a455bd412959b57a172ce6328d2dd1f01cb2135efda2e4576e8a23fa3b0f", size = 15603, upload-time = "2024-10-18T15:21:32.032Z" },
    { url = "https://files.pythonhosted.org/packages/0c/e3/90e9651924c430b885468b56b3d597cabf6d72be4b24a0acd1fa0e12af67/MarkupSafe-3.0.2-cp313-cp313t-manylinux_2_17_x86_64.manylinux2014_x86_64.whl", hash = "sha256:c0ef13eaeee5b615fb07c9a7dadb38eac06a0608b41570d8ade51c56539e509d", size = 23914, upload-time = "2024-10-18T15:21:36.231Z" },
    { url = "https://files.pythonhosted.org/packages/0d/80/0985960e4b89922cb5a0bac0ed39c5b96cbc1a536a99f30e8c220a996ed9/MarkupSafe-3.0.2-cp313-cp313t-musllinux_1_2_x86_64.whl", hash = "sha256:131a3c7689c85f5ad20f9f6fb1b866f402c445b220c19fe4308c0b147ccd2ad9", size = 24098, upload-time = "2024-10-18T15:21:40.813Z" },
    { url = "https://files.pythonhosted.org/packages/4f/65/6079a46068dfceaeabb5dcad6d674f5f5c61a6fa5673746f42a9f4c233b3/MarkupSafe-3.0.2-cp313-cp313t-win_amd64.whl", hash = "sha256:e444a31f8db13eb18ada366ab3cf45fd4b31e4db1236a4448f68778c1d1a5a2f", size = 15739, upload-time = "2024-10-18T15:21:42.784Z" },
]

[[package]]
name = "packaging"
version = "25.0"
source = { registry = "https://pypi.org/simple" }
sdist = { url = "https://files.pythonhosted.org/packages/a1/d4/1fc4078c65507b51b96ca8f8c3ba19e6a61c8253c72794544580a7b6c24d/packaging-25.0.tar.gz", hash = "sha256:d443872c98d677bf60f6a1f2f8c1cb748e8fe762d2bf9d3148b5599295b0fc4f", size = 165727, upload-time = "2025-04-19T11:48:59.673Z" }
wheels = [
    { url = "https://files.pythonhosted.org/packages/20/12/38679034af332785aac8774540895e234f4d07f7545804097de4b666afd8/packaging-25.0-py3-none-any.whl", hash = "sha256:29572ef2b1f17581046b3a2227d5c611fb25ec70ca1ba8554b24b0e69331a484", size = 66469, upload-time = "2025-04-19T11:48:57.875Z" },
]

[[package]]
name = "patchelf"
version = "0.17.2.2"
source = { registry = "https://pypi.org/simple" }
sdist = { url = "https://files.pythonhosted.org/packages/0d/41/dc3ee5838db2d90be935adb53ae7745135d9c719d070b1989b246f983c7f/patchelf-0.17.2.2.tar.gz", hash = "sha256:080b2ac3074fd4ab257700088e82470425e56609aa0dd07abe548f04b7b3b007", size = 149517, upload-time = "2025-03-16T08:30:21.909Z" }
wheels = [
    { url = "https://files.pythonhosted.org/packages/f2/f9/e070956e350ccdfdf059251836f757ad91ac0c01b0ba3e033ea7188d8d42/patchelf-0.17.2.2-py3-none-manylinux1_x86_64.manylinux_2_5_x86_64.musllinux_1_1_x86_64.whl", hash = "sha256:e334ebb1c5aa9fc740fd95ebe449271899fe1e45a3eb0941300b304f7e3d1299", size = 466519, upload-time = "2025-03-16T08:30:13.383Z" },
    { url = "https://files.pythonhosted.org/packages/1e/f6/b842b19c2b72df1c524ab3793c3ec9cf3926c7c841e0b64b34f95d7fb806/patchelf-0.17.2.2-py3-none-manylinux2014_armv7l.manylinux_2_17_armv7l.musllinux_1_1_armv7l.whl", hash = "sha256:05f6bbdbe484439cb025e20c60abd37e432e6798dfa3f39a072e6b7499072a8c", size = 412347, upload-time = "2025-03-16T08:30:17.332Z" },
    { url = "https://files.pythonhosted.org/packages/a8/0b/33eb3087703d903dd01cf6b0d64e067bf3718a5e8b1239bc6fc2c4b1fdb2/patchelf-0.17.2.2-py3-none-manylinux2014_ppc64le.manylinux_2_17_ppc64le.musllinux_1_1_ppc64le.whl", hash = "sha256:b54e79ceb444ec6a536a5dc2e8fc9c771ec6a1fa7d5f4dbb3dc0e5b8e5ff82e1", size = 522827, upload-time = "2025-03-16T08:30:18.774Z" },
    { url = "https://files.pythonhosted.org/packages/4f/25/6379dc26714b5a40f51b3c7927d668b00a51517e857da7f3cb09d1d0bcb6/patchelf-0.17.2.2-py3-none-manylinux2014_s390x.manylinux_2_17_s390x.musllinux_1_1_s390x.whl", hash = "sha256:24374cdbd9a072230339024fb6922577cb3231396640610b069f678bc483f21e", size = 565961, upload-time = "2025-03-16T08:30:20.524Z" },
]

[[package]]
name = "pluggy"
version = "1.6.0"
source = { registry = "https://pypi.org/simple" }
sdist = { url = "https://files.pythonhosted.org/packages/f9/e2/3e91f31a7d2b083fe6ef3fa267035b518369d9511ffab804f839851d2779/pluggy-1.6.0.tar.gz", hash = "sha256:7dcc130b76258d33b90f61b658791dede3486c3e6bfb003ee5c9bfb396dd22f3", size = 69412, upload-time = "2025-05-15T12:30:07.975Z" }
wheels = [
    { url = "https://files.pythonhosted.org/packages/54/20/4d324d65cc6d9205fabedc306948156824eb9f0ee1633355a8f7ec5c66bf/pluggy-1.6.0-py3-none-any.whl", hash = "sha256:e920276dd6813095e9377c0bc5566d94c932c33b27a3e3945d8389c374dd4746", size = 20538, upload-time = "2025-05-15T12:30:06.134Z" },
]

[[package]]
name = "pygments"
version = "2.19.1"
source = { registry = "https://pypi.org/simple" }
sdist = { url = "https://files.pythonhosted.org/packages/7c/2d/c3338d48ea6cc0feb8446d8e6937e1408088a72a39937982cc6111d17f84/pygments-2.19.1.tar.gz", hash = "sha256:61c16d2a8576dc0649d9f39e089b5f02bcd27fba10d8fb4dcc28173f7a45151f", size = 4968581, upload-time = "2025-01-06T17:26:30.443Z" }
wheels = [
    { url = "https://files.pythonhosted.org/packages/8a/0b/9fcc47d19c48b59121088dd6da2488a49d5f72dacf8262e2790a1d2c7d15/pygments-2.19.1-py3-none-any.whl", hash = "sha256:9ea1544ad55cecf4b8242fab6dd35a93bbce657034b0611ee383099054ab6d8c", size = 1225293, upload-time = "2025-01-06T17:26:25.553Z" },
]

[[package]]
name = "pyside6"
version = "6.9.1"
source = { registry = "https://pypi.org/simple" }
dependencies = [
    { name = "pyside6-addons", marker = "(implementation_name == 'cpython' and platform_machine == 'x86_64' and sys_platform == 'linux') or (implementation_name == 'cpython' and platform_machine == 'AMD64' and sys_platform == 'win32')" },
    { name = "pyside6-essentials", marker = "(implementation_name == 'cpython' and platform_machine == 'x86_64' and sys_platform == 'linux') or (implementation_name == 'cpython' and platform_machine == 'AMD64' and sys_platform == 'win32')" },
    { name = "shiboken6", marker = "(implementation_name == 'cpython' and platform_machine == 'x86_64' and sys_platform == 'linux') or (implementation_name == 'cpython' and platform_machine == 'AMD64' and sys_platform == 'win32')" },
]
wheels = [
    { url = "https://files.pythonhosted.org/packages/d7/ff/04d1b6b30edd24d761cc30d964860f997bdf37d06620694bf9aab35eec3a/PySide6-6.9.1-cp39-abi3-manylinux_2_28_x86_64.whl", hash = "sha256:db44ac08b8f7ac1b421bc1c6a44200d03f08d80dc7b3f68dfdb1684f30f41c17", size = 558239, upload-time = "2025-06-03T13:20:06.205Z" },
    { url = "https://files.pythonhosted.org/packages/83/ff/95c941f53b0faebc27dbe361d8e971b77f504b9cf36f8f5d750fd82cd6fc/PySide6-6.9.1-cp39-abi3-win_amd64.whl", hash = "sha256:c82dbb7d32bbdd465e01059174f71bddc97de152ab71bded3f1907c40f9a5f16", size = 564571, upload-time = "2025-06-03T13:20:10.321Z" },
]

[[package]]
name = "pyside6-addons"
version = "6.9.1"
source = { registry = "https://pypi.org/simple" }
dependencies = [
    { name = "pyside6-essentials", marker = "(implementation_name == 'cpython' and platform_machine == 'x86_64' and sys_platform == 'linux') or (implementation_name == 'cpython' and platform_machine == 'AMD64' and sys_platform == 'win32')" },
    { name = "shiboken6", marker = "(implementation_name == 'cpython' and platform_machine == 'x86_64' and sys_platform == 'linux') or (implementation_name == 'cpython' and platform_machine == 'AMD64' and sys_platform == 'win32')" },
]
wheels = [
    { url = "https://files.pythonhosted.org/packages/cf/6f/691d7039a6f7943522a770b713ecd85fa169688dfdd65ddd4db1699d01b6/PySide6_Addons-6.9.1-cp39-abi3-manylinux_2_28_x86_64.whl", hash = "sha256:da7869b02e3599d26546fad582db4656060786bc5ec8ece5ec9ee8aa8b42371c", size = 166690468, upload-time = "2025-06-03T13:06:34.962Z" },
    { url = "https://files.pythonhosted.org/packages/84/be/a849402f7e73d137b5ae8b4370a49b0cf0e0c02f028b845782cb743e4995/PySide6_Addons-6.9.1-cp39-abi3-win_amd64.whl", hash = "sha256:cd93a3a5e3886cd958f3a5acc7c061c24f10a394ce9f4ce657ac394544ca7ec2", size = 143150906, upload-time = "2025-06-03T13:09:12.762Z" },
]

[[package]]
name = "pyside6-essentials"
version = "6.9.1"
source = { registry = "https://pypi.org/simple" }
dependencies = [
    { name = "shiboken6", marker = "(implementation_name == 'cpython' and platform_machine == 'x86_64' and sys_platform == 'linux') or (implementation_name == 'cpython' and platform_machine == 'AMD64' and sys_platform == 'win32')" },
]
wheels = [
    { url = "https://files.pythonhosted.org/packages/59/6a/ea0db68d40a1c487fd255634896f4e37b6560e3ef1f57ca5139bf6509b1f/PySide6_Essentials-6.9.1-cp39-abi3-manylinux_2_28_x86_64.whl", hash = "sha256:e5da48883f006c6206ef85874db74ddebcdf69b0281bd4f1642b1c5ac1d54aea", size = 96416183, upload-time = "2025-06-03T13:12:48.945Z" },
    { url = "https://files.pythonhosted.org/packages/0d/a9/a8e0209ba9116f2c2db990cfb79f2edbd5a3a428013be2df1f1cddd660a9/PySide6_Essentials-6.9.1-cp39-abi3-win_amd64.whl", hash = "sha256:ad1ac94011492dba33051bc33db1c76a7d6f815a81c01422cb6220273b369145", size = 72435676, upload-time = "2025-06-03T13:13:08.805Z" },
]

[[package]]
name = "pytest"
version = "8.4.0"
source = { registry = "https://pypi.org/simple" }
dependencies = [
    { name = "colorama", marker = "implementation_name == 'cpython' and platform_machine == 'AMD64' and sys_platform == 'win32'" },
    { name = "iniconfig", marker = "(implementation_name == 'cpython' and platform_machine == 'x86_64' and sys_platform == 'linux') or (implementation_name == 'cpython' and platform_machine == 'AMD64' and sys_platform == 'win32')" },
    { name = "packaging", marker = "(implementation_name == 'cpython' and platform_machine == 'x86_64' and sys_platform == 'linux') or (implementation_name == 'cpython' and platform_machine == 'AMD64' and sys_platform == 'win32')" },
    { name = "pluggy", marker = "(implementation_name == 'cpython' and platform_machine == 'x86_64' and sys_platform == 'linux') or (implementation_name == 'cpython' and platform_machine == 'AMD64' and sys_platform == 'win32')" },
    { name = "pygments", marker = "(implementation_name == 'cpython' and platform_machine == 'x86_64' and sys_platform == 'linux') or (implementation_name == 'cpython' and platform_machine == 'AMD64' and sys_platform == 'win32')" },
]
sdist = { url = "https://files.pythonhosted.org/packages/fb/aa/405082ce2749be5398045152251ac69c0f3578c7077efc53431303af97ce/pytest-8.4.0.tar.gz", hash = "sha256:14d920b48472ea0dbf68e45b96cd1ffda4705f33307dcc86c676c1b5104838a6", size = 1515232, upload-time = "2025-06-02T17:36:30.03Z" }
wheels = [
    { url = "https://files.pythonhosted.org/packages/2f/de/afa024cbe022b1b318a3d224125aa24939e99b4ff6f22e0ba639a2eaee47/pytest-8.4.0-py3-none-any.whl", hash = "sha256:f40f825768ad76c0977cbacdf1fd37c6f7a468e460ea6a0636078f8972d4517e", size = 363797, upload-time = "2025-06-02T17:36:27.859Z" },
]

[[package]]
name = "pytest-cov"
version = "6.1.1"
source = { registry = "https://pypi.org/simple" }
dependencies = [
    { name = "coverage", marker = "(implementation_name == 'cpython' and platform_machine == 'x86_64' and sys_platform == 'linux') or (implementation_name == 'cpython' and platform_machine == 'AMD64' and sys_platform == 'win32')" },
    { name = "pytest", marker = "(implementation_name == 'cpython' and platform_machine == 'x86_64' and sys_platform == 'linux') or (implementation_name == 'cpython' and platform_machine == 'AMD64' and sys_platform == 'win32')" },
]
sdist = { url = "https://files.pythonhosted.org/packages/25/69/5f1e57f6c5a39f81411b550027bf72842c4567ff5fd572bed1edc9e4b5d9/pytest_cov-6.1.1.tar.gz", hash = "sha256:46935f7aaefba760e716c2ebfbe1c216240b9592966e7da99ea8292d4d3e2a0a", size = 66857, upload-time = "2025-04-05T14:07:51.592Z" }
wheels = [
    { url = "https://files.pythonhosted.org/packages/28/d0/def53b4a790cfb21483016430ed828f64830dd981ebe1089971cd10cab25/pytest_cov-6.1.1-py3-none-any.whl", hash = "sha256:bddf29ed2d0ab6f4df17b4c55b0a657287db8684af9c42ea546b21b1041b3dde", size = 23841, upload-time = "2025-04-05T14:07:49.641Z" },
]

[[package]]
name = "pytest-qt"
version = "4.4.0"
source = { registry = "https://pypi.org/simple" }
dependencies = [
    { name = "pluggy", marker = "(implementation_name == 'cpython' and platform_machine == 'x86_64' and sys_platform == 'linux') or (implementation_name == 'cpython' and platform_machine == 'AMD64' and sys_platform == 'win32')" },
    { name = "pytest", marker = "(implementation_name == 'cpython' and platform_machine == 'x86_64' and sys_platform == 'linux') or (implementation_name == 'cpython' and platform_machine == 'AMD64' and sys_platform == 'win32')" },
]
sdist = { url = "https://files.pythonhosted.org/packages/53/2c/6a477108342bbe1f5a81a2c54c86c3efadc35f6ad47c76f00c75764a0f7c/pytest-qt-4.4.0.tar.gz", hash = "sha256:76896142a940a4285339008d6928a36d4be74afec7e634577e842c9cc5c56844", size = 125443, upload-time = "2024-02-07T21:22:15.849Z" }
wheels = [
    { url = "https://files.pythonhosted.org/packages/4c/51/6cc5b9c1ecdcd78e6cde97e03d05f5a4ace8f720c5ce0f26f9dce474a0da/pytest_qt-4.4.0-py3-none-any.whl", hash = "sha256:001ed2f8641764b394cf286dc8a4203e40eaf9fff75bf0bfe5103f7f8d0c591d", size = 36286, upload-time = "2024-02-07T21:22:13.295Z" },
]

[[package]]
name = "pywin32"
version = "310"
source = { registry = "https://pypi.org/simple" }
wheels = [
    { url = "https://files.pythonhosted.org/packages/e3/e5/b0627f8bb84e06991bea89ad8153a9e50ace40b2e1195d68e9dff6b03d0f/pywin32-310-cp312-cp312-win_amd64.whl", hash = "sha256:bf5c397c9a9a19a6f62f3fb821fbf36cac08f03770056711f765ec1503972060", size = 9503839, upload-time = "2025-03-17T00:56:00.8Z" },
    { url = "https://files.pythonhosted.org/packages/45/3c/b4640f740ffebadd5d34df35fecba0e1cfef8fde9f3e594df91c28ad9b50/pywin32-310-cp313-cp313-win_amd64.whl", hash = "sha256:667827eb3a90208ddbdcc9e860c81bde63a135710e21e4cb3348968e4bd5249e", size = 9503039, upload-time = "2025-03-17T00:56:06.207Z" },
]

[[package]]
name = "setuptools"
version = "80.4.0"
source = { registry = "https://pypi.org/simple" }
sdist = { url = "https://files.pythonhosted.org/packages/95/32/0cc40fe41fd2adb80a2f388987f4f8db3c866c69e33e0b4c8b093fdf700e/setuptools-80.4.0.tar.gz", hash = "sha256:5a78f61820bc088c8e4add52932ae6b8cf423da2aff268c23f813cfbb13b4006", size = 1315008, upload-time = "2025-05-09T20:42:27.972Z" }
wheels = [
    { url = "https://files.pythonhosted.org/packages/b1/93/dba5ed08c2e31ec7cdc2ce75705a484ef0be1a2fecac8a58272489349de8/setuptools-80.4.0-py3-none-any.whl", hash = "sha256:6cdc8cb9a7d590b237dbe4493614a9b75d0559b888047c1f67d49ba50fc3edb2", size = 1200812, upload-time = "2025-05-09T20:42:25.325Z" },
]

[[package]]
name = "shiboken6"
version = "6.9.1"
source = { registry = "https://pypi.org/simple" }
wheels = [
    { url = "https://files.pythonhosted.org/packages/5a/07/53b2532ecd42ff925feb06b7bb16917f5f99f9c3470f0815c256789d818b/shiboken6-6.9.1-cp39-abi3-manylinux_2_28_x86_64.whl", hash = "sha256:efcdfa8655d34aaf8d7a0c7724def3440bd46db02f5ad3b1785db5f6ccb0a8ff", size = 206756, upload-time = "2025-06-03T13:16:46.528Z" },
    { url = "https://files.pythonhosted.org/packages/30/56/00af281275aab4c79e22e0ea65feede0a5c6da3b84e86b21a4a0071e0744/shiboken6-6.9.1-cp39-abi3-win_amd64.whl", hash = "sha256:209ccf02c135bd70321143dcbc5023ae0c056aa4850a845955dd2f9b2ff280a9", size = 1153587, upload-time = "2025-06-03T13:16:50.454Z" },
]

[[package]]
name = "six"
version = "1.17.0"
source = { registry = "https://pypi.org/simple" }
sdist = { url = "https://files.pythonhosted.org/packages/94/e7/b2c673351809dca68a0e064b6af791aa332cf192da575fd474ed7d6f16a2/six-1.17.0.tar.gz", hash = "sha256:ff70335d468e7eb6ec65b95b99d3a2836546063f63acc5171de367e834932a81", size = 34031, upload-time = "2024-12-04T17:35:28.174Z" }
wheels = [
    { url = "https://files.pythonhosted.org/packages/b7/ce/149a00dd41f10bc29e5921b496af8b574d8413afcd5e30dfa0ed46c2cc5e/six-1.17.0-py2.py3-none-any.whl", hash = "sha256:4721f391ed90541fddacab5acf947aa0d3dc7d27b2e1e8eda2be8970586c3274", size = 11050, upload-time = "2024-12-04T17:35:26.475Z" },
]

[[package]]
name = "splitguides"
source = { editable = "." }
dependencies = [
    { name = "bleach", extra = ["css"], marker = "(implementation_name == 'cpython' and platform_machine == 'x86_64' and sys_platform == 'linux') or (implementation_name == 'cpython' and platform_machine == 'AMD64' and sys_platform == 'win32')" },
    { name = "ducktools-classbuilder", marker = "(implementation_name == 'cpython' and platform_machine == 'x86_64' and sys_platform == 'linux') or (implementation_name == 'cpython' and platform_machine == 'AMD64' and sys_platform == 'win32')" },
    { name = "flask", marker = "(implementation_name == 'cpython' and platform_machine == 'x86_64' and sys_platform == 'linux') or (implementation_name == 'cpython' and platform_machine == 'AMD64' and sys_platform == 'win32')" },
    { name = "jinja2", marker = "(implementation_name == 'cpython' and platform_machine == 'x86_64' and sys_platform == 'linux') or (implementation_name == 'cpython' and platform_machine == 'AMD64' and sys_platform == 'win32')" },
    { name = "keyboard", marker = "(implementation_name == 'cpython' and platform_machine == 'x86_64' and sys_platform == 'linux') or (implementation_name == 'cpython' and platform_machine == 'AMD64' and sys_platform == 'win32')" },
    { name = "markdown", marker = "(implementation_name == 'cpython' and platform_machine == 'x86_64' and sys_platform == 'linux') or (implementation_name == 'cpython' and platform_machine == 'AMD64' and sys_platform == 'win32')" },
    { name = "pyside6", marker = "(implementation_name == 'cpython' and platform_machine == 'x86_64' and sys_platform == 'linux') or (implementation_name == 'cpython' and platform_machine == 'AMD64' and sys_platform == 'win32')" },
    { name = "waitress", marker = "(implementation_name == 'cpython' and platform_machine == 'x86_64' and sys_platform == 'linux') or (implementation_name == 'cpython' and platform_machine == 'AMD64' and sys_platform == 'win32')" },
]

[package.dev-dependencies]
build = [
    { name = "cx-freeze", marker = "(implementation_name == 'cpython' and platform_machine == 'x86_64' and sys_platform == 'linux') or (implementation_name == 'cpython' and platform_machine == 'AMD64' and sys_platform == 'win32')" },
    { name = "pywin32", marker = "implementation_name == 'cpython' and platform_machine == 'AMD64' and sys_platform == 'win32'" },
]
dev = [
    { name = "pytest", marker = "(implementation_name == 'cpython' and platform_machine == 'x86_64' and sys_platform == 'linux') or (implementation_name == 'cpython' and platform_machine == 'AMD64' and sys_platform == 'win32')" },
    { name = "pytest-cov", marker = "(implementation_name == 'cpython' and platform_machine == 'x86_64' and sys_platform == 'linux') or (implementation_name == 'cpython' and platform_machine == 'AMD64' and sys_platform == 'win32')" },
    { name = "pytest-qt", marker = "(implementation_name == 'cpython' and platform_machine == 'x86_64' and sys_platform == 'linux') or (implementation_name == 'cpython' and platform_machine == 'AMD64' and sys_platform == 'win32')" },
]

[package.metadata]
requires-dist = [
    { name = "bleach", extras = ["css"], specifier = "==6.0" },
    { name = "ducktools-classbuilder", specifier = ">=0.7.4" },
    { name = "flask", specifier = "~=3.0" },
    { name = "jinja2", specifier = "~=3.1" },
    { name = "keyboard", specifier = "~=0.13.5" },
    { name = "markdown", specifier = "~=3.6" },
    { name = "pyside6", specifier = "~=6.9" },
    { name = "waitress", specifier = "~=3.0" },
]

[package.metadata.requires-dev]
build = [
    { name = "cx-freeze", specifier = ">=8.3" },
    { name = "pywin32", marker = "sys_platform == 'win32'", specifier = ">=308" },
]
dev = [
    { name = "pytest", specifier = ">=8.4" },
    { name = "pytest-cov", specifier = ">=6.1" },
    { name = "pytest-qt", specifier = ">=4.4" },
]

[[package]]
name = "striprtf"
version = "0.0.29"
source = { registry = "https://pypi.org/simple" }
sdist = { url = "https://files.pythonhosted.org/packages/f3/86/7154b7c625a3ff704581dab70c05389e1de90233b7a751f79f712c2ca0e9/striprtf-0.0.29.tar.gz", hash = "sha256:5a822d075e17417934ed3add6fc79b5fc8fb544fe4370b2f894cdd28f0ddd78e", size = 7533, upload-time = "2025-03-27T22:55:56.874Z" }
wheels = [
    { url = "https://files.pythonhosted.org/packages/08/3e/1418afacc4aae04690cff282078f22620c89a99490499878ececc3021654/striprtf-0.0.29-py3-none-any.whl", hash = "sha256:0fc6a41999d015358d19627776b616424dd501ad698105c81d76734d1e14d91b", size = 7879, upload-time = "2025-03-27T22:55:55.977Z" },
]

[[package]]
name = "tinycss2"
version = "1.1.1"
source = { registry = "https://pypi.org/simple" }
dependencies = [
    { name = "webencodings", marker = "(implementation_name == 'cpython' and platform_machine == 'x86_64' and sys_platform == 'linux') or (implementation_name == 'cpython' and platform_machine == 'AMD64' and sys_platform == 'win32')" },
]
sdist = { url = "https://files.pythonhosted.org/packages/1e/5a/576828164b5486f319c4323915b915a8af3fa4a654bbb6f8fc8e87b5cb17/tinycss2-1.1.1.tar.gz", hash = "sha256:b2e44dd8883c360c35dd0d1b5aad0b610e5156c2cb3b33434634e539ead9d8bf", size = 65703, upload-time = "2021-11-22T17:59:14.235Z" }
wheels = [
    { url = "https://files.pythonhosted.org/packages/53/7b/5dba39bf0572f1f28e2844f08f74a73482a381de1d1feac3bbc6b808051e/tinycss2-1.1.1-py3-none-any.whl", hash = "sha256:fe794ceaadfe3cf3e686b22155d0da5780dd0e273471a51846d0a02bc204fec8", size = 21883, upload-time = "2021-11-22T17:59:08.603Z" },
]

[[package]]
name = "waitress"
version = "3.0.2"
source = { registry = "https://pypi.org/simple" }
sdist = { url = "https://files.pythonhosted.org/packages/bf/cb/04ddb054f45faa306a230769e868c28b8065ea196891f09004ebace5b184/waitress-3.0.2.tar.gz", hash = "sha256:682aaaf2af0c44ada4abfb70ded36393f0e307f4ab9456a215ce0020baefc31f", size = 179901, upload-time = "2024-11-16T20:02:35.195Z" }
wheels = [
    { url = "https://files.pythonhosted.org/packages/8d/57/a27182528c90ef38d82b636a11f606b0cbb0e17588ed205435f8affe3368/waitress-3.0.2-py3-none-any.whl", hash = "sha256:c56d67fd6e87c2ee598b76abdd4e96cfad1f24cacdea5078d382b1f9d7b5ed2e", size = 56232, upload-time = "2024-11-16T20:02:33.858Z" },
]

[[package]]
name = "webencodings"
version = "0.5.1"
source = { registry = "https://pypi.org/simple" }
sdist = { url = "https://files.pythonhosted.org/packages/0b/02/ae6ceac1baeda530866a85075641cec12989bd8d31af6d5ab4a3e8c92f47/webencodings-0.5.1.tar.gz", hash = "sha256:b36a1c245f2d304965eb4e0a82848379241dc04b865afcc4aab16748587e1923", size = 9721, upload-time = "2017-04-05T20:21:34.189Z" }
wheels = [
    { url = "https://files.pythonhosted.org/packages/f4/24/2a3e3df732393fed8b3ebf2ec078f05546de641fe1b667ee316ec1dcf3b7/webencodings-0.5.1-py2.py3-none-any.whl", hash = "sha256:a0af1213f3c2226497a97e2b3aa01a7e4bee4f403f95be16fc9acd2947514a78", size = 11774, upload-time = "2017-04-05T20:21:32.581Z" },
]

[[package]]
name = "werkzeug"
version = "3.1.3"
source = { registry = "https://pypi.org/simple" }
dependencies = [
    { name = "markupsafe", marker = "(implementation_name == 'cpython' and platform_machine == 'x86_64' and sys_platform == 'linux') or (implementation_name == 'cpython' and platform_machine == 'AMD64' and sys_platform == 'win32')" },
]
sdist = { url = "https://files.pythonhosted.org/packages/9f/69/83029f1f6300c5fb2471d621ab06f6ec6b3324685a2ce0f9777fd4a8b71e/werkzeug-3.1.3.tar.gz", hash = "sha256:60723ce945c19328679790e3282cc758aa4a6040e4bb330f53d30fa546d44746", size = 806925, upload-time = "2024-11-08T15:52:18.093Z" }
wheels = [
    { url = "https://files.pythonhosted.org/packages/52/24/ab44c871b0f07f491e5d2ad12c9bd7358e527510618cb1b803a88e986db1/werkzeug-3.1.3-py3-none-any.whl", hash = "sha256:54b78bf3716d19a65be4fceccc0d1d7b89e608834989dfae50ea87564639213e", size = 224498, upload-time = "2024-11-08T15:52:16.132Z" },
]
